// !$*UTF8*$!
{
	archiveVersion = 1;
	classes = {
	};
	objectVersion = 56;
	objects = {

/* Begin PBXBuildFile section */
		511D63E42B55614300E16CF9 /* ExperimentalView.swift in Sources */ = {isa = PBXBuildFile; fileRef = 511D63E32B55614300E16CF9 /* ExperimentalView.swift */; };
		511D63E72B55795B00E16CF9 /* FrameworkGridView.swift in Sources */ = {isa = PBXBuildFile; fileRef = 511D63E62B55795B00E16CF9 /* FrameworkGridView.swift */; };
		511D63EB2B5579B200E16CF9 /* Framework.swift in Sources */ = {isa = PBXBuildFile; fileRef = 511D63EA2B5579B200E16CF9 /* Framework.swift */; };
		511D63ED2B55925B00E16CF9 /* FrameworkDetailView.swift in Sources */ = {isa = PBXBuildFile; fileRef = 511D63EC2B55925B00E16CF9 /* FrameworkDetailView.swift */; };
		511D63EF2B5592E300E16CF9 /* FrameworkTitleView.swift in Sources */ = {isa = PBXBuildFile; fileRef = 511D63EE2B5592E300E16CF9 /* FrameworkTitleView.swift */; };
		511D63F12B5594AD00E16CF9 /* AFButton.swift in Sources */ = {isa = PBXBuildFile; fileRef = 511D63F02B5594AD00E16CF9 /* AFButton.swift */; };
		511D63F42B55A21300E16CF9 /* FrameworkGridViewModel.swift in Sources */ = {isa = PBXBuildFile; fileRef = 511D63F32B55A21300E16CF9 /* FrameworkGridViewModel.swift */; };
		511D63F82B55A8B600E16CF9 /* SafariWebView.swift in Sources */ = {isa = PBXBuildFile; fileRef = 511D63F72B55A8B600E16CF9 /* SafariWebView.swift */; };
		512623BD2B57B93800009B5F /* Alert.swift in Sources */ = {isa = PBXBuildFile; fileRef = 512623BC2B57B93800009B5F /* Alert.swift */; };
		512623BF2B57BD3A00009B5F /* BarcodeScannerViewModel.swift in Sources */ = {isa = PBXBuildFile; fileRef = 512623BE2B57BD3A00009B5F /* BarcodeScannerViewModel.swift */; };
		512623C32B57C0DD00009B5F /* AppetizerTabView.swift in Sources */ = {isa = PBXBuildFile; fileRef = 512623C22B57C0DD00009B5F /* AppetizerTabView.swift */; };
		512623C52B57C1B100009B5F /* HomeView.swift in Sources */ = {isa = PBXBuildFile; fileRef = 512623C42B57C1B100009B5F /* HomeView.swift */; };
		512623C72B57C1B800009B5F /* AccountView.swift in Sources */ = {isa = PBXBuildFile; fileRef = 512623C62B57C1B800009B5F /* AccountView.swift */; };
		512623C92B57C1C000009B5F /* OrderView.swift in Sources */ = {isa = PBXBuildFile; fileRef = 512623C82B57C1C000009B5F /* OrderView.swift */; };
		517CD59E2B5673DA0004E0B8 /* XDismissButton.swift in Sources */ = {isa = PBXBuildFile; fileRef = 517CD59D2B5673DA0004E0B8 /* XDismissButton.swift */; };
		517CD5AA2B5679A10004E0B8 /* FrameworkTitleViewHorizontal.swift in Sources */ = {isa = PBXBuildFile; fileRef = 517CD5A92B5679A10004E0B8 /* FrameworkTitleViewHorizontal.swift */; };
		517CD5AE2B567A150004E0B8 /* FrameworkList.swift in Sources */ = {isa = PBXBuildFile; fileRef = 517CD5AD2B567A150004E0B8 /* FrameworkList.swift */; };
		517CD5B02B567A2C0004E0B8 /* FrameworkListViewModel.swift in Sources */ = {isa = PBXBuildFile; fileRef = 517CD5AF2B567A2C0004E0B8 /* FrameworkListViewModel.swift */; };
		517CD5BB2B56A7E00004E0B8 /* BarcodeScannerView.swift in Sources */ = {isa = PBXBuildFile; fileRef = 517CD5BA2B56A7E00004E0B8 /* BarcodeScannerView.swift */; };
		517CD5BF2B56ACB70004E0B8 /* ScannerVC.swift in Sources */ = {isa = PBXBuildFile; fileRef = 517CD5BE2B56ACB70004E0B8 /* ScannerVC.swift */; };
		517CD5C12B56D54C0004E0B8 /* ScannerView.swift in Sources */ = {isa = PBXBuildFile; fileRef = 517CD5C02B56D54C0004E0B8 /* ScannerView.swift */; };
		517CD5C32B56F6B40004E0B8 /* FrameworkDetailListView.swift in Sources */ = {isa = PBXBuildFile; fileRef = 517CD5C22B56F6B40004E0B8 /* FrameworkDetailListView.swift */; };
		51914B0F2B5800FD006B05D9 /* Appetizer.swift in Sources */ = {isa = PBXBuildFile; fileRef = 51914B0E2B5800FD006B05D9 /* Appetizer.swift */; };
		51914B122B5813E3006B05D9 /* AppetizerListCell.swift in Sources */ = {isa = PBXBuildFile; fileRef = 51914B112B5813E2006B05D9 /* AppetizerListCell.swift */; };
		51914B152B582B9C006B05D9 /* NetworkManager.swift in Sources */ = {isa = PBXBuildFile; fileRef = 51914B142B582B9C006B05D9 /* NetworkManager.swift */; };
		51914B1A2B584CD1006B05D9 /* APError.swift in Sources */ = {isa = PBXBuildFile; fileRef = 51914B192B584CD1006B05D9 /* APError.swift */; };
		51914B202B58E861006B05D9 /* AppetizerListViewModel.swift in Sources */ = {isa = PBXBuildFile; fileRef = 51914B1F2B58E861006B05D9 /* AppetizerListViewModel.swift */; };
		51914B232B58EA9B006B05D9 /* APAlert.swift in Sources */ = {isa = PBXBuildFile; fileRef = 51914B222B58EA9B006B05D9 /* APAlert.swift */; };
		51914B252B590DF2006B05D9 /* ImageLoader.swift in Sources */ = {isa = PBXBuildFile; fileRef = 51914B242B590DF2006B05D9 /* ImageLoader.swift */; };
		51914B292B591263006B05D9 /* LoadingView.swift in Sources */ = {isa = PBXBuildFile; fileRef = 51914B282B591263006B05D9 /* LoadingView.swift */; };
		51914B2E2B593AA1006B05D9 /* AppetizerDetailsView.swift in Sources */ = {isa = PBXBuildFile; fileRef = 51914B2D2B593AA1006B05D9 /* AppetizerDetailsView.swift */; };
		51914B302B593F84006B05D9 /* XDismissButtonAP.swift in Sources */ = {isa = PBXBuildFile; fileRef = 51914B2F2B593F84006B05D9 /* XDismissButtonAP.swift */; };
		51914B332B59477E006B05D9 /* APButton.swift in Sources */ = {isa = PBXBuildFile; fileRef = 51914B322B59477E006B05D9 /* APButton.swift */; };
		51914B362B595CB6006B05D9 /* AccountViewModel.swift in Sources */ = {isa = PBXBuildFile; fileRef = 51914B352B595CB6006B05D9 /* AccountViewModel.swift */; };
		51914B392B595ED5006B05D9 /* String+Ext.swift in Sources */ = {isa = PBXBuildFile; fileRef = 51914B382B595ED5006B05D9 /* String+Ext.swift */; };
		51914B3B2B596063006B05D9 /* Date+Ext.swift in Sources */ = {isa = PBXBuildFile; fileRef = 51914B3A2B596063006B05D9 /* Date+Ext.swift */; };
		51914B3D2B59A40C006B05D9 /* User.swift in Sources */ = {isa = PBXBuildFile; fileRef = 51914B3C2B59A40C006B05D9 /* User.swift */; };
		51914B402B5A77E0006B05D9 /* EmptyState.swift in Sources */ = {isa = PBXBuildFile; fileRef = 51914B3F2B5A77E0006B05D9 /* EmptyState.swift */; };
		51914B422B5A7AC5006B05D9 /* Order.swift in Sources */ = {isa = PBXBuildFile; fileRef = 51914B412B5A7AC4006B05D9 /* Order.swift */; };
		51914B442B5A8BDF006B05D9 /* CustomModifiers.swift in Sources */ = {isa = PBXBuildFile; fileRef = 51914B432B5A8BDF006B05D9 /* CustomModifiers.swift */; };
		51914B462B5A8F6E006B05D9 /* FormTextField.swift in Sources */ = {isa = PBXBuildFile; fileRef = 51914B452B5A8F6E006B05D9 /* FormTextField.swift */; };
		51CA7A3D2B542C1A00C06421 /* OffsetReader.swift in Sources */ = {isa = PBXBuildFile; fileRef = 51CA7A3C2B542C1A00C06421 /* OffsetReader.swift */; };
		51CBF1482B53F03B00E66CC9 /* WeatherButton.swift in Sources */ = {isa = PBXBuildFile; fileRef = 51CBF1472B53F03B00E66CC9 /* WeatherButton.swift */; };
		51CBF14C2B5426BB00E66CC9 /* WeatherView.swift in Sources */ = {isa = PBXBuildFile; fileRef = 51CBF14B2B5426BB00E66CC9 /* WeatherView.swift */; };
		51CBF14F2B5426E500E66CC9 /* WeatherDay.swift in Sources */ = {isa = PBXBuildFile; fileRef = 51CBF14E2B5426E500E66CC9 /* WeatherDay.swift */; };
		51FBF0032B52BDDF00F6B5FE /* SwiftUI_BootcampApp.swift in Sources */ = {isa = PBXBuildFile; fileRef = 51FBF0022B52BDDF00F6B5FE /* SwiftUI_BootcampApp.swift */; };
		51FBF0052B52BDDF00F6B5FE /* ContentView.swift in Sources */ = {isa = PBXBuildFile; fileRef = 51FBF0042B52BDDF00F6B5FE /* ContentView.swift */; };
		51FBF0072B52BDE200F6B5FE /* Assets.xcassets in Resources */ = {isa = PBXBuildFile; fileRef = 51FBF0062B52BDE200F6B5FE /* Assets.xcassets */; };
		51FBF00A2B52BDE200F6B5FE /* Preview Assets.xcassets in Resources */ = {isa = PBXBuildFile; fileRef = 51FBF0092B52BDE200F6B5FE /* Preview Assets.xcassets */; };
		51FBF0142B52BDE200F6B5FE /* SwiftUI_BootcampTests.swift in Sources */ = {isa = PBXBuildFile; fileRef = 51FBF0132B52BDE200F6B5FE /* SwiftUI_BootcampTests.swift */; };
		51FBF01E2B52BDE200F6B5FE /* SwiftUI_BootcampUITests.swift in Sources */ = {isa = PBXBuildFile; fileRef = 51FBF01D2B52BDE200F6B5FE /* SwiftUI_BootcampUITests.swift */; };
		51FBF0202B52BDE200F6B5FE /* SwiftUI_BootcampUITestsLaunchTests.swift in Sources */ = {isa = PBXBuildFile; fileRef = 51FBF01F2B52BDE200F6B5FE /* SwiftUI_BootcampUITestsLaunchTests.swift */; };
/* End PBXBuildFile section */

/* Begin PBXContainerItemProxy section */
		51FBF0102B52BDE200F6B5FE /* PBXContainerItemProxy */ = {
			isa = PBXContainerItemProxy;
			containerPortal = 51FBEFF72B52BDDF00F6B5FE /* Project object */;
			proxyType = 1;
			remoteGlobalIDString = 51FBEFFE2B52BDDF00F6B5FE;
			remoteInfo = "SwiftUI-Bootcamp";
		};
		51FBF01A2B52BDE200F6B5FE /* PBXContainerItemProxy */ = {
			isa = PBXContainerItemProxy;
			containerPortal = 51FBEFF72B52BDDF00F6B5FE /* Project object */;
			proxyType = 1;
			remoteGlobalIDString = 51FBEFFE2B52BDDF00F6B5FE;
			remoteInfo = "SwiftUI-Bootcamp";
		};
/* End PBXContainerItemProxy section */

/* Begin PBXFileReference section */
		511D63E32B55614300E16CF9 /* ExperimentalView.swift */ = {isa = PBXFileReference; lastKnownFileType = sourcecode.swift; path = ExperimentalView.swift; sourceTree = "<group>"; };
		511D63E62B55795B00E16CF9 /* FrameworkGridView.swift */ = {isa = PBXFileReference; lastKnownFileType = sourcecode.swift; path = FrameworkGridView.swift; sourceTree = "<group>"; };
		511D63EA2B5579B200E16CF9 /* Framework.swift */ = {isa = PBXFileReference; lastKnownFileType = sourcecode.swift; path = Framework.swift; sourceTree = "<group>"; };
		511D63EC2B55925B00E16CF9 /* FrameworkDetailView.swift */ = {isa = PBXFileReference; lastKnownFileType = sourcecode.swift; path = FrameworkDetailView.swift; sourceTree = "<group>"; };
		511D63EE2B5592E300E16CF9 /* FrameworkTitleView.swift */ = {isa = PBXFileReference; lastKnownFileType = sourcecode.swift; path = FrameworkTitleView.swift; sourceTree = "<group>"; };
		511D63F02B5594AD00E16CF9 /* AFButton.swift */ = {isa = PBXFileReference; lastKnownFileType = sourcecode.swift; path = AFButton.swift; sourceTree = "<group>"; };
		511D63F32B55A21300E16CF9 /* FrameworkGridViewModel.swift */ = {isa = PBXFileReference; lastKnownFileType = sourcecode.swift; path = FrameworkGridViewModel.swift; sourceTree = "<group>"; };
		511D63F72B55A8B600E16CF9 /* SafariWebView.swift */ = {isa = PBXFileReference; lastKnownFileType = sourcecode.swift; path = SafariWebView.swift; sourceTree = "<group>"; };
		512623BC2B57B93800009B5F /* Alert.swift */ = {isa = PBXFileReference; lastKnownFileType = sourcecode.swift; path = Alert.swift; sourceTree = "<group>"; };
		512623BE2B57BD3A00009B5F /* BarcodeScannerViewModel.swift */ = {isa = PBXFileReference; lastKnownFileType = sourcecode.swift; path = BarcodeScannerViewModel.swift; sourceTree = "<group>"; };
		512623C22B57C0DD00009B5F /* AppetizerTabView.swift */ = {isa = PBXFileReference; lastKnownFileType = sourcecode.swift; path = AppetizerTabView.swift; sourceTree = "<group>"; };
		512623C42B57C1B100009B5F /* HomeView.swift */ = {isa = PBXFileReference; lastKnownFileType = sourcecode.swift; path = HomeView.swift; sourceTree = "<group>"; };
		512623C62B57C1B800009B5F /* AccountView.swift */ = {isa = PBXFileReference; lastKnownFileType = sourcecode.swift; path = AccountView.swift; sourceTree = "<group>"; };
		512623C82B57C1C000009B5F /* OrderView.swift */ = {isa = PBXFileReference; lastKnownFileType = sourcecode.swift; path = OrderView.swift; sourceTree = "<group>"; };
		517CD59D2B5673DA0004E0B8 /* XDismissButton.swift */ = {isa = PBXFileReference; lastKnownFileType = sourcecode.swift; path = XDismissButton.swift; sourceTree = "<group>"; };
		517CD5A92B5679A10004E0B8 /* FrameworkTitleViewHorizontal.swift */ = {isa = PBXFileReference; lastKnownFileType = sourcecode.swift; path = FrameworkTitleViewHorizontal.swift; sourceTree = "<group>"; };
		517CD5AD2B567A150004E0B8 /* FrameworkList.swift */ = {isa = PBXFileReference; lastKnownFileType = sourcecode.swift; path = FrameworkList.swift; sourceTree = "<group>"; };
		517CD5AF2B567A2C0004E0B8 /* FrameworkListViewModel.swift */ = {isa = PBXFileReference; lastKnownFileType = sourcecode.swift; path = FrameworkListViewModel.swift; sourceTree = "<group>"; };
		517CD5BA2B56A7E00004E0B8 /* BarcodeScannerView.swift */ = {isa = PBXFileReference; lastKnownFileType = sourcecode.swift; path = BarcodeScannerView.swift; sourceTree = "<group>"; };
		517CD5BC2B56AB920004E0B8 /* Info.plist */ = {isa = PBXFileReference; lastKnownFileType = text.plist; path = Info.plist; sourceTree = "<group>"; };
		517CD5BE2B56ACB70004E0B8 /* ScannerVC.swift */ = {isa = PBXFileReference; lastKnownFileType = sourcecode.swift; path = ScannerVC.swift; sourceTree = "<group>"; };
		517CD5C02B56D54C0004E0B8 /* ScannerView.swift */ = {isa = PBXFileReference; lastKnownFileType = sourcecode.swift; path = ScannerView.swift; sourceTree = "<group>"; };
		517CD5C22B56F6B40004E0B8 /* FrameworkDetailListView.swift */ = {isa = PBXFileReference; lastKnownFileType = sourcecode.swift; path = FrameworkDetailListView.swift; sourceTree = "<group>"; };
		51914B0E2B5800FD006B05D9 /* Appetizer.swift */ = {isa = PBXFileReference; lastKnownFileType = sourcecode.swift; path = Appetizer.swift; sourceTree = "<group>"; };
		51914B112B5813E2006B05D9 /* AppetizerListCell.swift */ = {isa = PBXFileReference; lastKnownFileType = sourcecode.swift; path = AppetizerListCell.swift; sourceTree = "<group>"; };
		51914B142B582B9C006B05D9 /* NetworkManager.swift */ = {isa = PBXFileReference; lastKnownFileType = sourcecode.swift; path = NetworkManager.swift; sourceTree = "<group>"; };
		51914B192B584CD1006B05D9 /* APError.swift */ = {isa = PBXFileReference; lastKnownFileType = sourcecode.swift; path = APError.swift; sourceTree = "<group>"; };
		51914B1F2B58E861006B05D9 /* AppetizerListViewModel.swift */ = {isa = PBXFileReference; lastKnownFileType = sourcecode.swift; path = AppetizerListViewModel.swift; sourceTree = "<group>"; };
		51914B222B58EA9B006B05D9 /* APAlert.swift */ = {isa = PBXFileReference; lastKnownFileType = sourcecode.swift; path = APAlert.swift; sourceTree = "<group>"; };
		51914B242B590DF2006B05D9 /* ImageLoader.swift */ = {isa = PBXFileReference; lastKnownFileType = sourcecode.swift; path = ImageLoader.swift; sourceTree = "<group>"; };
		51914B282B591263006B05D9 /* LoadingView.swift */ = {isa = PBXFileReference; lastKnownFileType = sourcecode.swift; path = LoadingView.swift; sourceTree = "<group>"; };
		51914B2D2B593AA1006B05D9 /* AppetizerDetailsView.swift */ = {isa = PBXFileReference; lastKnownFileType = sourcecode.swift; path = AppetizerDetailsView.swift; sourceTree = "<group>"; };
		51914B2F2B593F84006B05D9 /* XDismissButtonAP.swift */ = {isa = PBXFileReference; lastKnownFileType = sourcecode.swift; path = XDismissButtonAP.swift; sourceTree = "<group>"; };
		51914B322B59477E006B05D9 /* APButton.swift */ = {isa = PBXFileReference; lastKnownFileType = sourcecode.swift; path = APButton.swift; sourceTree = "<group>"; };
		51914B352B595CB6006B05D9 /* AccountViewModel.swift */ = {isa = PBXFileReference; lastKnownFileType = sourcecode.swift; path = AccountViewModel.swift; sourceTree = "<group>"; };
		51914B382B595ED5006B05D9 /* String+Ext.swift */ = {isa = PBXFileReference; lastKnownFileType = sourcecode.swift; path = "String+Ext.swift"; sourceTree = "<group>"; };
		51914B3A2B596063006B05D9 /* Date+Ext.swift */ = {isa = PBXFileReference; lastKnownFileType = sourcecode.swift; path = "Date+Ext.swift"; sourceTree = "<group>"; };
		51914B3C2B59A40C006B05D9 /* User.swift */ = {isa = PBXFileReference; lastKnownFileType = sourcecode.swift; path = User.swift; sourceTree = "<group>"; };
		51914B3F2B5A77E0006B05D9 /* EmptyState.swift */ = {isa = PBXFileReference; lastKnownFileType = sourcecode.swift; path = EmptyState.swift; sourceTree = "<group>"; };
		51914B412B5A7AC4006B05D9 /* Order.swift */ = {isa = PBXFileReference; lastKnownFileType = sourcecode.swift; path = Order.swift; sourceTree = "<group>"; };
		51914B432B5A8BDF006B05D9 /* CustomModifiers.swift */ = {isa = PBXFileReference; lastKnownFileType = sourcecode.swift; path = CustomModifiers.swift; sourceTree = "<group>"; };
		51914B452B5A8F6E006B05D9 /* FormTextField.swift */ = {isa = PBXFileReference; lastKnownFileType = sourcecode.swift; path = FormTextField.swift; sourceTree = "<group>"; };
		51CA7A3C2B542C1A00C06421 /* OffsetReader.swift */ = {isa = PBXFileReference; lastKnownFileType = sourcecode.swift; path = OffsetReader.swift; sourceTree = "<group>"; };
		51CBF1472B53F03B00E66CC9 /* WeatherButton.swift */ = {isa = PBXFileReference; lastKnownFileType = sourcecode.swift; path = WeatherButton.swift; sourceTree = "<group>"; };
		51CBF14B2B5426BB00E66CC9 /* WeatherView.swift */ = {isa = PBXFileReference; lastKnownFileType = sourcecode.swift; path = WeatherView.swift; sourceTree = "<group>"; };
		51CBF14E2B5426E500E66CC9 /* WeatherDay.swift */ = {isa = PBXFileReference; lastKnownFileType = sourcecode.swift; path = WeatherDay.swift; sourceTree = "<group>"; };
		51FBEFFF2B52BDDF00F6B5FE /* SwiftUI-Bootcamp.app */ = {isa = PBXFileReference; explicitFileType = wrapper.application; includeInIndex = 0; path = "SwiftUI-Bootcamp.app"; sourceTree = BUILT_PRODUCTS_DIR; };
		51FBF0022B52BDDF00F6B5FE /* SwiftUI_BootcampApp.swift */ = {isa = PBXFileReference; lastKnownFileType = sourcecode.swift; path = SwiftUI_BootcampApp.swift; sourceTree = "<group>"; };
		51FBF0042B52BDDF00F6B5FE /* ContentView.swift */ = {isa = PBXFileReference; lastKnownFileType = sourcecode.swift; path = ContentView.swift; sourceTree = "<group>"; };
		51FBF0062B52BDE200F6B5FE /* Assets.xcassets */ = {isa = PBXFileReference; lastKnownFileType = folder.assetcatalog; path = Assets.xcassets; sourceTree = "<group>"; };
		51FBF0092B52BDE200F6B5FE /* Preview Assets.xcassets */ = {isa = PBXFileReference; lastKnownFileType = folder.assetcatalog; path = "Preview Assets.xcassets"; sourceTree = "<group>"; };
		51FBF00F2B52BDE200F6B5FE /* SwiftUI-BootcampTests.xctest */ = {isa = PBXFileReference; explicitFileType = wrapper.cfbundle; includeInIndex = 0; path = "SwiftUI-BootcampTests.xctest"; sourceTree = BUILT_PRODUCTS_DIR; };
		51FBF0132B52BDE200F6B5FE /* SwiftUI_BootcampTests.swift */ = {isa = PBXFileReference; lastKnownFileType = sourcecode.swift; path = SwiftUI_BootcampTests.swift; sourceTree = "<group>"; };
		51FBF0192B52BDE200F6B5FE /* SwiftUI-BootcampUITests.xctest */ = {isa = PBXFileReference; explicitFileType = wrapper.cfbundle; includeInIndex = 0; path = "SwiftUI-BootcampUITests.xctest"; sourceTree = BUILT_PRODUCTS_DIR; };
		51FBF01D2B52BDE200F6B5FE /* SwiftUI_BootcampUITests.swift */ = {isa = PBXFileReference; lastKnownFileType = sourcecode.swift; path = SwiftUI_BootcampUITests.swift; sourceTree = "<group>"; };
		51FBF01F2B52BDE200F6B5FE /* SwiftUI_BootcampUITestsLaunchTests.swift */ = {isa = PBXFileReference; lastKnownFileType = sourcecode.swift; path = SwiftUI_BootcampUITestsLaunchTests.swift; sourceTree = "<group>"; };
/* End PBXFileReference section */

/* Begin PBXFrameworksBuildPhase section */
		51FBEFFC2B52BDDF00F6B5FE /* Frameworks */ = {
			isa = PBXFrameworksBuildPhase;
			buildActionMask = 2147483647;
			files = (
			);
			runOnlyForDeploymentPostprocessing = 0;
		};
		51FBF00C2B52BDE200F6B5FE /* Frameworks */ = {
			isa = PBXFrameworksBuildPhase;
			buildActionMask = 2147483647;
			files = (
			);
			runOnlyForDeploymentPostprocessing = 0;
		};
		51FBF0162B52BDE200F6B5FE /* Frameworks */ = {
			isa = PBXFrameworksBuildPhase;
			buildActionMask = 2147483647;
			files = (
			);
			runOnlyForDeploymentPostprocessing = 0;
		};
/* End PBXFrameworksBuildPhase section */

/* Begin PBXGroup section */
		511D63E52B55791B00E16CF9 /* Apple-Frameworks-App */ = {
			isa = PBXGroup;
			children = (
				517CD5A42B56773E0004E0B8 /* UIKit Components */,
				511D63F52B55A28100E16CF9 /* Screens */,
				511D63E92B55799A00E16CF9 /* Views */,
				511D63E82B55798E00E16CF9 /* Models */,
			);
			path = "Apple-Frameworks-App";
			sourceTree = "<group>";
		};
		511D63E82B55798E00E16CF9 /* Models */ = {
			isa = PBXGroup;
			children = (
				511D63EA2B5579B200E16CF9 /* Framework.swift */,
			);
			path = Models;
			sourceTree = "<group>";
		};
		511D63E92B55799A00E16CF9 /* Views */ = {
			isa = PBXGroup;
			children = (
				517CD5A32B56772B0004E0B8 /* View */,
				517CD5A22B5677070004E0B8 /* Buttons */,
			);
			path = Views;
			sourceTree = "<group>";
		};
		511D63F22B55A1F500E16CF9 /* ViewModel */ = {
			isa = PBXGroup;
			children = (
				511D63F32B55A21300E16CF9 /* FrameworkGridViewModel.swift */,
			);
			path = ViewModel;
			sourceTree = "<group>";
		};
		511D63F52B55A28100E16CF9 /* Screens */ = {
			isa = PBXGroup;
			children = (
				517CD5AB2B5679C90004E0B8 /* FrameworkList */,
				517CD5A02B56762C0004E0B8 /* FrameworkDetail */,
				517CD59F2B5676130004E0B8 /* FrameworkGrid */,
			);
			path = Screens;
			sourceTree = "<group>";
		};
		512623BB2B57B92500009B5F /* Utilities */ = {
			isa = PBXGroup;
			children = (
				512623BC2B57B93800009B5F /* Alert.swift */,
			);
			path = Utilities;
			sourceTree = "<group>";
		};
		512623C02B57C09F00009B5F /* Appetizers-App */ = {
			isa = PBXGroup;
			children = (
				51914B162B584C9A006B05D9 /* Utilities */,
				51914B102B5813CF006B05D9 /* Views */,
				51914B0D2B5800C7006B05D9 /* Models */,
				512623C12B57C0C200009B5F /* Screens */,
			);
			path = "Appetizers-App";
			sourceTree = "<group>";
		};
		512623C12B57C0C200009B5F /* Screens */ = {
			isa = PBXGroup;
			children = (
				512623C22B57C0DD00009B5F /* AppetizerTabView.swift */,
				51914B1D2B58E83B006B05D9 /* HomeScreen */,
				51914B2A2B591504006B05D9 /* OrderScreen */,
				51914B2B2B591511006B05D9 /* AccountScreen */,
			);
			path = Screens;
			sourceTree = "<group>";
		};
		517CD59F2B5676130004E0B8 /* FrameworkGrid */ = {
			isa = PBXGroup;
			children = (
				511D63F22B55A1F500E16CF9 /* ViewModel */,
				511D63E62B55795B00E16CF9 /* FrameworkGridView.swift */,
			);
			path = FrameworkGrid;
			sourceTree = "<group>";
		};
		517CD5A02B56762C0004E0B8 /* FrameworkDetail */ = {
			isa = PBXGroup;
			children = (
				511D63EC2B55925B00E16CF9 /* FrameworkDetailView.swift */,
				517CD5C22B56F6B40004E0B8 /* FrameworkDetailListView.swift */,
			);
			path = FrameworkDetail;
			sourceTree = "<group>";
		};
		517CD5A12B5676540004E0B8 /* SafariWeb */ = {
			isa = PBXGroup;
			children = (
				511D63F72B55A8B600E16CF9 /* SafariWebView.swift */,
			);
			path = SafariWeb;
			sourceTree = "<group>";
		};
		517CD5A22B5677070004E0B8 /* Buttons */ = {
			isa = PBXGroup;
			children = (
				511D63F02B5594AD00E16CF9 /* AFButton.swift */,
				517CD59D2B5673DA0004E0B8 /* XDismissButton.swift */,
			);
			path = Buttons;
			sourceTree = "<group>";
		};
		517CD5A32B56772B0004E0B8 /* View */ = {
			isa = PBXGroup;
			children = (
				511D63EE2B5592E300E16CF9 /* FrameworkTitleView.swift */,
				517CD5A92B5679A10004E0B8 /* FrameworkTitleViewHorizontal.swift */,
			);
			path = View;
			sourceTree = "<group>";
		};
		517CD5A42B56773E0004E0B8 /* UIKit Components */ = {
			isa = PBXGroup;
			children = (
				517CD5A12B5676540004E0B8 /* SafariWeb */,
			);
			path = "UIKit Components";
			sourceTree = "<group>";
		};
		517CD5AB2B5679C90004E0B8 /* FrameworkList */ = {
			isa = PBXGroup;
			children = (
				517CD5AC2B567A090004E0B8 /* ViewModel */,
				517CD5AD2B567A150004E0B8 /* FrameworkList.swift */,
			);
			path = FrameworkList;
			sourceTree = "<group>";
		};
		517CD5AC2B567A090004E0B8 /* ViewModel */ = {
			isa = PBXGroup;
			children = (
				517CD5AF2B567A2C0004E0B8 /* FrameworkListViewModel.swift */,
			);
			path = ViewModel;
			sourceTree = "<group>";
		};
		517CD5B52B56A7970004E0B8 /* BarcodeScanner-App */ = {
			isa = PBXGroup;
			children = (
				512623BB2B57B92500009B5F /* Utilities */,
				517CD5B92B56A7C60004E0B8 /* ViewModels */,
				517CD5B82B56A7BA0004E0B8 /* Models */,
				517CD5B72B56A7B50004E0B8 /* Views */,
				517CD5B62B56A7B00004E0B8 /* Screens */,
			);
			path = "BarcodeScanner-App";
			sourceTree = "<group>";
		};
		517CD5B62B56A7B00004E0B8 /* Screens */ = {
			isa = PBXGroup;
			children = (
				517CD5BA2B56A7E00004E0B8 /* BarcodeScannerView.swift */,
			);
			path = Screens;
			sourceTree = "<group>";
		};
		517CD5B72B56A7B50004E0B8 /* Views */ = {
			isa = PBXGroup;
			children = (
				517CD5BD2B56AC950004E0B8 /* UIKit Components */,
			);
			path = Views;
			sourceTree = "<group>";
		};
		517CD5B82B56A7BA0004E0B8 /* Models */ = {
			isa = PBXGroup;
			children = (
			);
			path = Models;
			sourceTree = "<group>";
		};
		517CD5B92B56A7C60004E0B8 /* ViewModels */ = {
			isa = PBXGroup;
			children = (
				512623BE2B57BD3A00009B5F /* BarcodeScannerViewModel.swift */,
			);
			path = ViewModels;
			sourceTree = "<group>";
		};
		517CD5BD2B56AC950004E0B8 /* UIKit Components */ = {
			isa = PBXGroup;
			children = (
				517CD5BE2B56ACB70004E0B8 /* ScannerVC.swift */,
				517CD5C02B56D54C0004E0B8 /* ScannerView.swift */,
			);
			path = "UIKit Components";
			sourceTree = "<group>";
		};
		518641C82B552AC700621435 /* Swift-Weather-App */ = {
			isa = PBXGroup;
			children = (
				51CA7A3B2B542C0800C06421 /* Helpers */,
				51CBF14D2B5426D400E66CC9 /* Model */,
				51CBF1492B54267E00E66CC9 /* View */,
			);
			path = "Swift-Weather-App";
			sourceTree = "<group>";
		};
		51914B0D2B5800C7006B05D9 /* Models */ = {
			isa = PBXGroup;
			children = (
				51914B0E2B5800FD006B05D9 /* Appetizer.swift */,
				51914B3C2B59A40C006B05D9 /* User.swift */,
				51914B412B5A7AC4006B05D9 /* Order.swift */,
			);
			path = Models;
			sourceTree = "<group>";
		};
		51914B102B5813CF006B05D9 /* Views */ = {
			isa = PBXGroup;
			children = (
				51914B3E2B5A77CB006B05D9 /* EmptyStates */,
				51914B312B594770006B05D9 /* Buttons */,
				51914B272B591250006B05D9 /* UIKit Components */,
				51914B112B5813E2006B05D9 /* AppetizerListCell.swift */,
				51914B432B5A8BDF006B05D9 /* CustomModifiers.swift */,
			);
			path = Views;
			sourceTree = "<group>";
		};
		51914B132B582B8B006B05D9 /* Managers */ = {
			isa = PBXGroup;
			children = (
				51914B142B582B9C006B05D9 /* NetworkManager.swift */,
			);
			path = Managers;
			sourceTree = "<group>";
		};
		51914B162B584C9A006B05D9 /* Utilities */ = {
			isa = PBXGroup;
			children = (
				51914B1B2B584CD4006B05D9 /* Enums */,
				51914B372B595EC0006B05D9 /* Extensions */,
				51914B132B582B8B006B05D9 /* Managers */,
				51914B262B59114E006B05D9 /* Alerts */,
			);
			path = Utilities;
			sourceTree = "<group>";
		};
		51914B1B2B584CD4006B05D9 /* Enums */ = {
			isa = PBXGroup;
			children = (
				51914B192B584CD1006B05D9 /* APError.swift */,
				51914B452B5A8F6E006B05D9 /* FormTextField.swift */,
			);
			path = Enums;
			sourceTree = "<group>";
		};
		51914B1D2B58E83B006B05D9 /* HomeScreen */ = {
			isa = PBXGroup;
			children = (
				51914B1E2B58E849006B05D9 /* ViewModel */,
				512623C42B57C1B100009B5F /* HomeView.swift */,
				51914B2D2B593AA1006B05D9 /* AppetizerDetailsView.swift */,
			);
			path = HomeScreen;
			sourceTree = "<group>";
		};
		51914B1E2B58E849006B05D9 /* ViewModel */ = {
			isa = PBXGroup;
			children = (
				51914B1F2B58E861006B05D9 /* AppetizerListViewModel.swift */,
				51914B242B590DF2006B05D9 /* ImageLoader.swift */,
			);
			path = ViewModel;
			sourceTree = "<group>";
		};
		51914B262B59114E006B05D9 /* Alerts */ = {
			isa = PBXGroup;
			children = (
				51914B222B58EA9B006B05D9 /* APAlert.swift */,
			);
			path = Alerts;
			sourceTree = "<group>";
		};
		51914B272B591250006B05D9 /* UIKit Components */ = {
			isa = PBXGroup;
			children = (
				51914B282B591263006B05D9 /* LoadingView.swift */,
			);
			path = "UIKit Components";
			sourceTree = "<group>";
		};
		51914B2A2B591504006B05D9 /* OrderScreen */ = {
			isa = PBXGroup;
			children = (
				512623C82B57C1C000009B5F /* OrderView.swift */,
			);
			path = OrderScreen;
			sourceTree = "<group>";
		};
		51914B2B2B591511006B05D9 /* AccountScreen */ = {
			isa = PBXGroup;
			children = (
				51914B342B595CA4006B05D9 /* ViewModel */,
				512623C62B57C1B800009B5F /* AccountView.swift */,
			);
			path = AccountScreen;
			sourceTree = "<group>";
		};
		51914B312B594770006B05D9 /* Buttons */ = {
			isa = PBXGroup;
			children = (
				51914B2F2B593F84006B05D9 /* XDismissButtonAP.swift */,
				51914B322B59477E006B05D9 /* APButton.swift */,
			);
			path = Buttons;
			sourceTree = "<group>";
		};
		51914B342B595CA4006B05D9 /* ViewModel */ = {
			isa = PBXGroup;
			children = (
				51914B352B595CB6006B05D9 /* AccountViewModel.swift */,
			);
			path = ViewModel;
			sourceTree = "<group>";
		};
		51914B372B595EC0006B05D9 /* Extensions */ = {
			isa = PBXGroup;
			children = (
				51914B382B595ED5006B05D9 /* String+Ext.swift */,
				51914B3A2B596063006B05D9 /* Date+Ext.swift */,
			);
			path = Extensions;
			sourceTree = "<group>";
		};
		51914B3E2B5A77CB006B05D9 /* EmptyStates */ = {
			isa = PBXGroup;
			children = (
				51914B3F2B5A77E0006B05D9 /* EmptyState.swift */,
			);
			path = EmptyStates;
			sourceTree = "<group>";
		};
		51CA7A3B2B542C0800C06421 /* Helpers */ = {
			isa = PBXGroup;
			children = (
				51CA7A3C2B542C1A00C06421 /* OffsetReader.swift */,
			);
			path = Helpers;
			sourceTree = "<group>";
		};
		51CBF1492B54267E00E66CC9 /* View */ = {
			isa = PBXGroup;
			children = (
				51CBF1472B53F03B00E66CC9 /* WeatherButton.swift */,
				51CBF14B2B5426BB00E66CC9 /* WeatherView.swift */,
				511D63E32B55614300E16CF9 /* ExperimentalView.swift */,
			);
			path = View;
			sourceTree = "<group>";
		};
		51CBF14D2B5426D400E66CC9 /* Model */ = {
			isa = PBXGroup;
			children = (
				51CBF14E2B5426E500E66CC9 /* WeatherDay.swift */,
			);
			path = Model;
			sourceTree = "<group>";
		};
		51FBEFF62B52BDDF00F6B5FE = {
			isa = PBXGroup;
			children = (
				51FBF0012B52BDDF00F6B5FE /* SwiftUI-Bootcamp */,
				51FBF0122B52BDE200F6B5FE /* SwiftUI-BootcampTests */,
				51FBF01C2B52BDE200F6B5FE /* SwiftUI-BootcampUITests */,
				51FBF0002B52BDDF00F6B5FE /* Products */,
			);
			sourceTree = "<group>";
		};
		51FBF0002B52BDDF00F6B5FE /* Products */ = {
			isa = PBXGroup;
			children = (
				51FBEFFF2B52BDDF00F6B5FE /* SwiftUI-Bootcamp.app */,
				51FBF00F2B52BDE200F6B5FE /* SwiftUI-BootcampTests.xctest */,
				51FBF0192B52BDE200F6B5FE /* SwiftUI-BootcampUITests.xctest */,
			);
			name = Products;
			sourceTree = "<group>";
		};
		51FBF0012B52BDDF00F6B5FE /* SwiftUI-Bootcamp */ = {
			isa = PBXGroup;
			children = (
				512623C02B57C09F00009B5F /* Appetizers-App */,
				517CD5B52B56A7970004E0B8 /* BarcodeScanner-App */,
				511D63E52B55791B00E16CF9 /* Apple-Frameworks-App */,
				518641C82B552AC700621435 /* Swift-Weather-App */,
				51FBF0022B52BDDF00F6B5FE /* SwiftUI_BootcampApp.swift */,
				51FBF0042B52BDDF00F6B5FE /* ContentView.swift */,
				51FBF0062B52BDE200F6B5FE /* Assets.xcassets */,
				517CD5BC2B56AB920004E0B8 /* Info.plist */,
				51FBF0082B52BDE200F6B5FE /* Preview Content */,
			);
			path = "SwiftUI-Bootcamp";
			sourceTree = "<group>";
		};
		51FBF0082B52BDE200F6B5FE /* Preview Content */ = {
			isa = PBXGroup;
			children = (
				51FBF0092B52BDE200F6B5FE /* Preview Assets.xcassets */,
			);
			path = "Preview Content";
			sourceTree = "<group>";
		};
		51FBF0122B52BDE200F6B5FE /* SwiftUI-BootcampTests */ = {
			isa = PBXGroup;
			children = (
				51FBF0132B52BDE200F6B5FE /* SwiftUI_BootcampTests.swift */,
			);
			path = "SwiftUI-BootcampTests";
			sourceTree = "<group>";
		};
		51FBF01C2B52BDE200F6B5FE /* SwiftUI-BootcampUITests */ = {
			isa = PBXGroup;
			children = (
				51FBF01D2B52BDE200F6B5FE /* SwiftUI_BootcampUITests.swift */,
				51FBF01F2B52BDE200F6B5FE /* SwiftUI_BootcampUITestsLaunchTests.swift */,
			);
			path = "SwiftUI-BootcampUITests";
			sourceTree = "<group>";
		};
/* End PBXGroup section */

/* Begin PBXNativeTarget section */
		51FBEFFE2B52BDDF00F6B5FE /* SwiftUI-Bootcamp */ = {
			isa = PBXNativeTarget;
			buildConfigurationList = 51FBF0232B52BDE200F6B5FE /* Build configuration list for PBXNativeTarget "SwiftUI-Bootcamp" */;
			buildPhases = (
				51FBEFFB2B52BDDF00F6B5FE /* Sources */,
				51FBEFFC2B52BDDF00F6B5FE /* Frameworks */,
				51FBEFFD2B52BDDF00F6B5FE /* Resources */,
			);
			buildRules = (
			);
			dependencies = (
			);
			name = "SwiftUI-Bootcamp";
			productName = "SwiftUI-Bootcamp";
			productReference = 51FBEFFF2B52BDDF00F6B5FE /* SwiftUI-Bootcamp.app */;
			productType = "com.apple.product-type.application";
		};
		51FBF00E2B52BDE200F6B5FE /* SwiftUI-BootcampTests */ = {
			isa = PBXNativeTarget;
			buildConfigurationList = 51FBF0262B52BDE200F6B5FE /* Build configuration list for PBXNativeTarget "SwiftUI-BootcampTests" */;
			buildPhases = (
				51FBF00B2B52BDE200F6B5FE /* Sources */,
				51FBF00C2B52BDE200F6B5FE /* Frameworks */,
				51FBF00D2B52BDE200F6B5FE /* Resources */,
			);
			buildRules = (
			);
			dependencies = (
				51FBF0112B52BDE200F6B5FE /* PBXTargetDependency */,
			);
			name = "SwiftUI-BootcampTests";
			productName = "SwiftUI-BootcampTests";
			productReference = 51FBF00F2B52BDE200F6B5FE /* SwiftUI-BootcampTests.xctest */;
			productType = "com.apple.product-type.bundle.unit-test";
		};
		51FBF0182B52BDE200F6B5FE /* SwiftUI-BootcampUITests */ = {
			isa = PBXNativeTarget;
			buildConfigurationList = 51FBF0292B52BDE200F6B5FE /* Build configuration list for PBXNativeTarget "SwiftUI-BootcampUITests" */;
			buildPhases = (
				51FBF0152B52BDE200F6B5FE /* Sources */,
				51FBF0162B52BDE200F6B5FE /* Frameworks */,
				51FBF0172B52BDE200F6B5FE /* Resources */,
			);
			buildRules = (
			);
			dependencies = (
				51FBF01B2B52BDE200F6B5FE /* PBXTargetDependency */,
			);
			name = "SwiftUI-BootcampUITests";
			productName = "SwiftUI-BootcampUITests";
			productReference = 51FBF0192B52BDE200F6B5FE /* SwiftUI-BootcampUITests.xctest */;
			productType = "com.apple.product-type.bundle.ui-testing";
		};
/* End PBXNativeTarget section */

/* Begin PBXProject section */
		51FBEFF72B52BDDF00F6B5FE /* Project object */ = {
			isa = PBXProject;
			attributes = {
				BuildIndependentTargetsInParallel = 1;
				LastSwiftUpdateCheck = 1520;
				LastUpgradeCheck = 1520;
				TargetAttributes = {
					51FBEFFE2B52BDDF00F6B5FE = {
						CreatedOnToolsVersion = 15.2;
					};
					51FBF00E2B52BDE200F6B5FE = {
						CreatedOnToolsVersion = 15.2;
						TestTargetID = 51FBEFFE2B52BDDF00F6B5FE;
					};
					51FBF0182B52BDE200F6B5FE = {
						CreatedOnToolsVersion = 15.2;
						TestTargetID = 51FBEFFE2B52BDDF00F6B5FE;
					};
				};
			};
			buildConfigurationList = 51FBEFFA2B52BDDF00F6B5FE /* Build configuration list for PBXProject "SwiftUI-Bootcamp" */;
			compatibilityVersion = "Xcode 14.0";
			developmentRegion = en;
			hasScannedForEncodings = 0;
			knownRegions = (
				en,
				Base,
			);
			mainGroup = 51FBEFF62B52BDDF00F6B5FE;
			productRefGroup = 51FBF0002B52BDDF00F6B5FE /* Products */;
			projectDirPath = "";
			projectRoot = "";
			targets = (
				51FBEFFE2B52BDDF00F6B5FE /* SwiftUI-Bootcamp */,
				51FBF00E2B52BDE200F6B5FE /* SwiftUI-BootcampTests */,
				51FBF0182B52BDE200F6B5FE /* SwiftUI-BootcampUITests */,
			);
		};
/* End PBXProject section */

/* Begin PBXResourcesBuildPhase section */
		51FBEFFD2B52BDDF00F6B5FE /* Resources */ = {
			isa = PBXResourcesBuildPhase;
			buildActionMask = 2147483647;
			files = (
				51FBF00A2B52BDE200F6B5FE /* Preview Assets.xcassets in Resources */,
				51FBF0072B52BDE200F6B5FE /* Assets.xcassets in Resources */,
			);
			runOnlyForDeploymentPostprocessing = 0;
		};
		51FBF00D2B52BDE200F6B5FE /* Resources */ = {
			isa = PBXResourcesBuildPhase;
			buildActionMask = 2147483647;
			files = (
			);
			runOnlyForDeploymentPostprocessing = 0;
		};
		51FBF0172B52BDE200F6B5FE /* Resources */ = {
			isa = PBXResourcesBuildPhase;
			buildActionMask = 2147483647;
			files = (
			);
			runOnlyForDeploymentPostprocessing = 0;
		};
/* End PBXResourcesBuildPhase section */

/* Begin PBXSourcesBuildPhase section */
		51FBEFFB2B52BDDF00F6B5FE /* Sources */ = {
			isa = PBXSourcesBuildPhase;
			buildActionMask = 2147483647;
			files = (
				517CD5BB2B56A7E00004E0B8 /* BarcodeScannerView.swift in Sources */,
				511D63E42B55614300E16CF9 /* ExperimentalView.swift in Sources */,
				51FBF0052B52BDDF00F6B5FE /* ContentView.swift in Sources */,
				51914B1A2B584CD1006B05D9 /* APError.swift in Sources */,
				512623BD2B57B93800009B5F /* Alert.swift in Sources */,
				511D63E72B55795B00E16CF9 /* FrameworkGridView.swift in Sources */,
				51914B2E2B593AA1006B05D9 /* AppetizerDetailsView.swift in Sources */,
				51914B0F2B5800FD006B05D9 /* Appetizer.swift in Sources */,
				51914B252B590DF2006B05D9 /* ImageLoader.swift in Sources */,
				517CD5C32B56F6B40004E0B8 /* FrameworkDetailListView.swift in Sources */,
				512623C72B57C1B800009B5F /* AccountView.swift in Sources */,
				512623BF2B57BD3A00009B5F /* BarcodeScannerViewModel.swift in Sources */,
				51914B422B5A7AC5006B05D9 /* Order.swift in Sources */,
				51914B302B593F84006B05D9 /* XDismissButtonAP.swift in Sources */,
				511D63EF2B5592E300E16CF9 /* FrameworkTitleView.swift in Sources */,
				511D63F12B5594AD00E16CF9 /* AFButton.swift in Sources */,
				517CD5B02B567A2C0004E0B8 /* FrameworkListViewModel.swift in Sources */,
				51914B202B58E861006B05D9 /* AppetizerListViewModel.swift in Sources */,
				51CA7A3D2B542C1A00C06421 /* OffsetReader.swift in Sources */,
				51914B332B59477E006B05D9 /* APButton.swift in Sources */,
				517CD5C12B56D54C0004E0B8 /* ScannerView.swift in Sources */,
				51914B292B591263006B05D9 /* LoadingView.swift in Sources */,
				51914B122B5813E3006B05D9 /* AppetizerListCell.swift in Sources */,
				517CD5AE2B567A150004E0B8 /* FrameworkList.swift in Sources */,
				511D63EB2B5579B200E16CF9 /* Framework.swift in Sources */,
				51FBF0032B52BDDF00F6B5FE /* SwiftUI_BootcampApp.swift in Sources */,
				51914B392B595ED5006B05D9 /* String+Ext.swift in Sources */,
				51914B152B582B9C006B05D9 /* NetworkManager.swift in Sources */,
				51914B362B595CB6006B05D9 /* AccountViewModel.swift in Sources */,
				517CD5BF2B56ACB70004E0B8 /* ScannerVC.swift in Sources */,
				511D63ED2B55925B00E16CF9 /* FrameworkDetailView.swift in Sources */,
				51CBF14C2B5426BB00E66CC9 /* WeatherView.swift in Sources */,
				51914B462B5A8F6E006B05D9 /* FormTextField.swift in Sources */,
				517CD5AA2B5679A10004E0B8 /* FrameworkTitleViewHorizontal.swift in Sources */,
				51CBF1482B53F03B00E66CC9 /* WeatherButton.swift in Sources */,
				51914B3B2B596063006B05D9 /* Date+Ext.swift in Sources */,
				51CBF14F2B5426E500E66CC9 /* WeatherDay.swift in Sources */,
				511D63F42B55A21300E16CF9 /* FrameworkGridViewModel.swift in Sources */,
				511D63F82B55A8B600E16CF9 /* SafariWebView.swift in Sources */,
				512623C52B57C1B100009B5F /* HomeView.swift in Sources */,
				512623C92B57C1C000009B5F /* OrderView.swift in Sources */,
				51914B232B58EA9B006B05D9 /* APAlert.swift in Sources */,
				517CD59E2B5673DA0004E0B8 /* XDismissButton.swift in Sources */,
				512623C32B57C0DD00009B5F /* AppetizerTabView.swift in Sources */,
				51914B442B5A8BDF006B05D9 /* CustomModifiers.swift in Sources */,
				51914B3D2B59A40C006B05D9 /* User.swift in Sources */,
				51914B402B5A77E0006B05D9 /* EmptyState.swift in Sources */,
			);
			runOnlyForDeploymentPostprocessing = 0;
		};
		51FBF00B2B52BDE200F6B5FE /* Sources */ = {
			isa = PBXSourcesBuildPhase;
			buildActionMask = 2147483647;
			files = (
				51FBF0142B52BDE200F6B5FE /* SwiftUI_BootcampTests.swift in Sources */,
			);
			runOnlyForDeploymentPostprocessing = 0;
		};
		51FBF0152B52BDE200F6B5FE /* Sources */ = {
			isa = PBXSourcesBuildPhase;
			buildActionMask = 2147483647;
			files = (
				51FBF01E2B52BDE200F6B5FE /* SwiftUI_BootcampUITests.swift in Sources */,
				51FBF0202B52BDE200F6B5FE /* SwiftUI_BootcampUITestsLaunchTests.swift in Sources */,
			);
			runOnlyForDeploymentPostprocessing = 0;
		};
/* End PBXSourcesBuildPhase section */

/* Begin PBXTargetDependency section */
		51FBF0112B52BDE200F6B5FE /* PBXTargetDependency */ = {
			isa = PBXTargetDependency;
			target = 51FBEFFE2B52BDDF00F6B5FE /* SwiftUI-Bootcamp */;
			targetProxy = 51FBF0102B52BDE200F6B5FE /* PBXContainerItemProxy */;
		};
		51FBF01B2B52BDE200F6B5FE /* PBXTargetDependency */ = {
			isa = PBXTargetDependency;
			target = 51FBEFFE2B52BDDF00F6B5FE /* SwiftUI-Bootcamp */;
			targetProxy = 51FBF01A2B52BDE200F6B5FE /* PBXContainerItemProxy */;
		};
/* End PBXTargetDependency section */

/* Begin XCBuildConfiguration section */
		51FBF0212B52BDE200F6B5FE /* Debug */ = {
			isa = XCBuildConfiguration;
			buildSettings = {
				ALWAYS_SEARCH_USER_PATHS = NO;
				ASSETCATALOG_COMPILER_GENERATE_SWIFT_ASSET_SYMBOL_EXTENSIONS = YES;
				CLANG_ANALYZER_NONNULL = YES;
				CLANG_ANALYZER_NUMBER_OBJECT_CONVERSION = YES_AGGRESSIVE;
				CLANG_CXX_LANGUAGE_STANDARD = "gnu++20";
				CLANG_ENABLE_MODULES = YES;
				CLANG_ENABLE_OBJC_ARC = YES;
				CLANG_ENABLE_OBJC_WEAK = YES;
				CLANG_WARN_BLOCK_CAPTURE_AUTORELEASING = YES;
				CLANG_WARN_BOOL_CONVERSION = YES;
				CLANG_WARN_COMMA = YES;
				CLANG_WARN_CONSTANT_CONVERSION = YES;
				CLANG_WARN_DEPRECATED_OBJC_IMPLEMENTATIONS = YES;
				CLANG_WARN_DIRECT_OBJC_ISA_USAGE = YES_ERROR;
				CLANG_WARN_DOCUMENTATION_COMMENTS = YES;
				CLANG_WARN_EMPTY_BODY = YES;
				CLANG_WARN_ENUM_CONVERSION = YES;
				CLANG_WARN_INFINITE_RECURSION = YES;
				CLANG_WARN_INT_CONVERSION = YES;
				CLANG_WARN_NON_LITERAL_NULL_CONVERSION = YES;
				CLANG_WARN_OBJC_IMPLICIT_RETAIN_SELF = YES;
				CLANG_WARN_OBJC_LITERAL_CONVERSION = YES;
				CLANG_WARN_OBJC_ROOT_CLASS = YES_ERROR;
				CLANG_WARN_QUOTED_INCLUDE_IN_FRAMEWORK_HEADER = YES;
				CLANG_WARN_RANGE_LOOP_ANALYSIS = YES;
				CLANG_WARN_STRICT_PROTOTYPES = YES;
				CLANG_WARN_SUSPICIOUS_MOVE = YES;
				CLANG_WARN_UNGUARDED_AVAILABILITY = YES_AGGRESSIVE;
				CLANG_WARN_UNREACHABLE_CODE = YES;
				CLANG_WARN__DUPLICATE_METHOD_MATCH = YES;
				COPY_PHASE_STRIP = NO;
				DEBUG_INFORMATION_FORMAT = dwarf;
				ENABLE_STRICT_OBJC_MSGSEND = YES;
				ENABLE_TESTABILITY = YES;
				ENABLE_USER_SCRIPT_SANDBOXING = YES;
				GCC_C_LANGUAGE_STANDARD = gnu17;
				GCC_DYNAMIC_NO_PIC = NO;
				GCC_NO_COMMON_BLOCKS = YES;
				GCC_OPTIMIZATION_LEVEL = 0;
				GCC_PREPROCESSOR_DEFINITIONS = (
					"DEBUG=1",
					"$(inherited)",
				);
				GCC_WARN_64_TO_32_BIT_CONVERSION = YES;
				GCC_WARN_ABOUT_RETURN_TYPE = YES_ERROR;
				GCC_WARN_UNDECLARED_SELECTOR = YES;
				GCC_WARN_UNINITIALIZED_AUTOS = YES_AGGRESSIVE;
				GCC_WARN_UNUSED_FUNCTION = YES;
				GCC_WARN_UNUSED_VARIABLE = YES;
				IPHONEOS_DEPLOYMENT_TARGET = 17.2;
				LOCALIZATION_PREFERS_STRING_CATALOGS = YES;
				MTL_ENABLE_DEBUG_INFO = INCLUDE_SOURCE;
				MTL_FAST_MATH = YES;
				ONLY_ACTIVE_ARCH = YES;
				SDKROOT = iphoneos;
				SWIFT_ACTIVE_COMPILATION_CONDITIONS = "DEBUG $(inherited)";
				SWIFT_OPTIMIZATION_LEVEL = "-Onone";
			};
			name = Debug;
		};
		51FBF0222B52BDE200F6B5FE /* Release */ = {
			isa = XCBuildConfiguration;
			buildSettings = {
				ALWAYS_SEARCH_USER_PATHS = NO;
				ASSETCATALOG_COMPILER_GENERATE_SWIFT_ASSET_SYMBOL_EXTENSIONS = YES;
				CLANG_ANALYZER_NONNULL = YES;
				CLANG_ANALYZER_NUMBER_OBJECT_CONVERSION = YES_AGGRESSIVE;
				CLANG_CXX_LANGUAGE_STANDARD = "gnu++20";
				CLANG_ENABLE_MODULES = YES;
				CLANG_ENABLE_OBJC_ARC = YES;
				CLANG_ENABLE_OBJC_WEAK = YES;
				CLANG_WARN_BLOCK_CAPTURE_AUTORELEASING = YES;
				CLANG_WARN_BOOL_CONVERSION = YES;
				CLANG_WARN_COMMA = YES;
				CLANG_WARN_CONSTANT_CONVERSION = YES;
				CLANG_WARN_DEPRECATED_OBJC_IMPLEMENTATIONS = YES;
				CLANG_WARN_DIRECT_OBJC_ISA_USAGE = YES_ERROR;
				CLANG_WARN_DOCUMENTATION_COMMENTS = YES;
				CLANG_WARN_EMPTY_BODY = YES;
				CLANG_WARN_ENUM_CONVERSION = YES;
				CLANG_WARN_INFINITE_RECURSION = YES;
				CLANG_WARN_INT_CONVERSION = YES;
				CLANG_WARN_NON_LITERAL_NULL_CONVERSION = YES;
				CLANG_WARN_OBJC_IMPLICIT_RETAIN_SELF = YES;
				CLANG_WARN_OBJC_LITERAL_CONVERSION = YES;
				CLANG_WARN_OBJC_ROOT_CLASS = YES_ERROR;
				CLANG_WARN_QUOTED_INCLUDE_IN_FRAMEWORK_HEADER = YES;
				CLANG_WARN_RANGE_LOOP_ANALYSIS = YES;
				CLANG_WARN_STRICT_PROTOTYPES = YES;
				CLANG_WARN_SUSPICIOUS_MOVE = YES;
				CLANG_WARN_UNGUARDED_AVAILABILITY = YES_AGGRESSIVE;
				CLANG_WARN_UNREACHABLE_CODE = YES;
				CLANG_WARN__DUPLICATE_METHOD_MATCH = YES;
				COPY_PHASE_STRIP = NO;
				DEBUG_INFORMATION_FORMAT = "dwarf-with-dsym";
				ENABLE_NS_ASSERTIONS = NO;
				ENABLE_STRICT_OBJC_MSGSEND = YES;
				ENABLE_USER_SCRIPT_SANDBOXING = YES;
				GCC_C_LANGUAGE_STANDARD = gnu17;
				GCC_NO_COMMON_BLOCKS = YES;
				GCC_WARN_64_TO_32_BIT_CONVERSION = YES;
				GCC_WARN_ABOUT_RETURN_TYPE = YES_ERROR;
				GCC_WARN_UNDECLARED_SELECTOR = YES;
				GCC_WARN_UNINITIALIZED_AUTOS = YES_AGGRESSIVE;
				GCC_WARN_UNUSED_FUNCTION = YES;
				GCC_WARN_UNUSED_VARIABLE = YES;
				IPHONEOS_DEPLOYMENT_TARGET = 17.2;
				LOCALIZATION_PREFERS_STRING_CATALOGS = YES;
				MTL_ENABLE_DEBUG_INFO = NO;
				MTL_FAST_MATH = YES;
				SDKROOT = iphoneos;
				SWIFT_COMPILATION_MODE = wholemodule;
				VALIDATE_PRODUCT = YES;
			};
			name = Release;
		};
		51FBF0242B52BDE200F6B5FE /* Debug */ = {
			isa = XCBuildConfiguration;
			buildSettings = {
				ASSETCATALOG_COMPILER_APPICON_NAME = AppIcon;
				ASSETCATALOG_COMPILER_GLOBAL_ACCENT_COLOR_NAME = AccentColor;
				CODE_SIGN_STYLE = Automatic;
				CURRENT_PROJECT_VERSION = 1;
				DEVELOPMENT_ASSET_PATHS = "\"SwiftUI-Bootcamp/Preview Content\"";
				ENABLE_PREVIEWS = YES;
				GENERATE_INFOPLIST_FILE = YES;
				INFOPLIST_FILE = "SwiftUI-Bootcamp/Info.plist";
				INFOPLIST_KEY_UIApplicationSceneManifest_Generation = YES;
				INFOPLIST_KEY_UIApplicationSupportsIndirectInputEvents = YES;
				INFOPLIST_KEY_UILaunchScreen_Generation = YES;
				INFOPLIST_KEY_UISupportedInterfaceOrientations_iPad = "UIInterfaceOrientationPortrait UIInterfaceOrientationPortraitUpsideDown UIInterfaceOrientationLandscapeLeft UIInterfaceOrientationLandscapeRight";
				INFOPLIST_KEY_UISupportedInterfaceOrientations_iPhone = "UIInterfaceOrientationPortrait UIInterfaceOrientationLandscapeLeft UIInterfaceOrientationLandscapeRight";
				LD_RUNPATH_SEARCH_PATHS = (
					"$(inherited)",
					"@executable_path/Frameworks",
				);
				MARKETING_VERSION = 1.0;
				PRODUCT_BUNDLE_IDENTIFIER = "adiyat.SwiftUI-Bootcamp";
				PRODUCT_NAME = "$(TARGET_NAME)";
				SWIFT_EMIT_LOC_STRINGS = YES;
				SWIFT_VERSION = 5.0;
				TARGETED_DEVICE_FAMILY = "1,2";
			};
			name = Debug;
		};
		51FBF0252B52BDE200F6B5FE /* Release */ = {
			isa = XCBuildConfiguration;
			buildSettings = {
				ASSETCATALOG_COMPILER_APPICON_NAME = AppIcon;
				ASSETCATALOG_COMPILER_GLOBAL_ACCENT_COLOR_NAME = AccentColor;
				CODE_SIGN_STYLE = Automatic;
				CURRENT_PROJECT_VERSION = 1;
				DEVELOPMENT_ASSET_PATHS = "\"SwiftUI-Bootcamp/Preview Content\"";
				ENABLE_PREVIEWS = YES;
				GENERATE_INFOPLIST_FILE = YES;
				INFOPLIST_FILE = "SwiftUI-Bootcamp/Info.plist";
				INFOPLIST_KEY_UIApplicationSceneManifest_Generation = YES;
				INFOPLIST_KEY_UIApplicationSupportsIndirectInputEvents = YES;
				INFOPLIST_KEY_UILaunchScreen_Generation = YES;
				INFOPLIST_KEY_UISupportedInterfaceOrientations_iPad = "UIInterfaceOrientationPortrait UIInterfaceOrientationPortraitUpsideDown UIInterfaceOrientationLandscapeLeft UIInterfaceOrientationLandscapeRight";
				INFOPLIST_KEY_UISupportedInterfaceOrientations_iPhone = "UIInterfaceOrientationPortrait UIInterfaceOrientationLandscapeLeft UIInterfaceOrientationLandscapeRight";
				LD_RUNPATH_SEARCH_PATHS = (
					"$(inherited)",
					"@executable_path/Frameworks",
				);
				MARKETING_VERSION = 1.0;
				PRODUCT_BUNDLE_IDENTIFIER = "adiyat.SwiftUI-Bootcamp";
				PRODUCT_NAME = "$(TARGET_NAME)";
				SWIFT_EMIT_LOC_STRINGS = YES;
				SWIFT_VERSION = 5.0;
				TARGETED_DEVICE_FAMILY = "1,2";
			};
			name = Release;
		};
		51FBF0272B52BDE200F6B5FE /* Debug */ = {
			isa = XCBuildConfiguration;
			buildSettings = {
				ALWAYS_EMBED_SWIFT_STANDARD_LIBRARIES = YES;
				BUNDLE_LOADER = "$(TEST_HOST)";
				CODE_SIGN_STYLE = Automatic;
				CURRENT_PROJECT_VERSION = 1;
				GENERATE_INFOPLIST_FILE = YES;
				IPHONEOS_DEPLOYMENT_TARGET = 17.2;
				MARKETING_VERSION = 1.0;
				PRODUCT_BUNDLE_IDENTIFIER = "adiyat.SwiftUI-BootcampTests";
				PRODUCT_NAME = "$(TARGET_NAME)";
				SWIFT_EMIT_LOC_STRINGS = NO;
				SWIFT_VERSION = 5.0;
				TARGETED_DEVICE_FAMILY = "1,2";
				TEST_HOST = "$(BUILT_PRODUCTS_DIR)/SwiftUI-Bootcamp.app/$(BUNDLE_EXECUTABLE_FOLDER_PATH)/SwiftUI-Bootcamp";
			};
			name = Debug;
		};
		51FBF0282B52BDE200F6B5FE /* Release */ = {
			isa = XCBuildConfiguration;
			buildSettings = {
				ALWAYS_EMBED_SWIFT_STANDARD_LIBRARIES = YES;
				BUNDLE_LOADER = "$(TEST_HOST)";
				CODE_SIGN_STYLE = Automatic;
				CURRENT_PROJECT_VERSION = 1;
				GENERATE_INFOPLIST_FILE = YES;
				IPHONEOS_DEPLOYMENT_TARGET = 17.2;
				MARKETING_VERSION = 1.0;
				PRODUCT_BUNDLE_IDENTIFIER = "adiyat.SwiftUI-BootcampTests";
				PRODUCT_NAME = "$(TARGET_NAME)";
				SWIFT_EMIT_LOC_STRINGS = NO;
				SWIFT_VERSION = 5.0;
				TARGETED_DEVICE_FAMILY = "1,2";
				TEST_HOST = "$(BUILT_PRODUCTS_DIR)/SwiftUI-Bootcamp.app/$(BUNDLE_EXECUTABLE_FOLDER_PATH)/SwiftUI-Bootcamp";
			};
			name = Release;
		};
		51FBF02A2B52BDE200F6B5FE /* Debug */ = {
			isa = XCBuildConfiguration;
			buildSettings = {
				ALWAYS_EMBED_SWIFT_STANDARD_LIBRARIES = YES;
				CODE_SIGN_STYLE = Automatic;
				CURRENT_PROJECT_VERSION = 1;
				GENERATE_INFOPLIST_FILE = YES;
				MARKETING_VERSION = 1.0;
				PRODUCT_BUNDLE_IDENTIFIER = "adiyat.SwiftUI-BootcampUITests";
				PRODUCT_NAME = "$(TARGET_NAME)";
				SWIFT_EMIT_LOC_STRINGS = NO;
				SWIFT_VERSION = 5.0;
				TARGETED_DEVICE_FAMILY = "1,2";
				TEST_TARGET_NAME = "SwiftUI-Bootcamp";
			};
			name = Debug;
		};
		51FBF02B2B52BDE200F6B5FE /* Release */ = {
			isa = XCBuildConfiguration;
			buildSettings = {
				ALWAYS_EMBED_SWIFT_STANDARD_LIBRARIES = YES;
				CODE_SIGN_STYLE = Automatic;
				CURRENT_PROJECT_VERSION = 1;
				GENERATE_INFOPLIST_FILE = YES;
				MARKETING_VERSION = 1.0;
				PRODUCT_BUNDLE_IDENTIFIER = "adiyat.SwiftUI-BootcampUITests";
				PRODUCT_NAME = "$(TARGET_NAME)";
				SWIFT_EMIT_LOC_STRINGS = NO;
				SWIFT_VERSION = 5.0;
				TARGETED_DEVICE_FAMILY = "1,2";
				TEST_TARGET_NAME = "SwiftUI-Bootcamp";
			};
			name = Release;
		};
/* End XCBuildConfiguration section */

/* Begin XCConfigurationList section */
		51FBEFFA2B52BDDF00F6B5FE /* Build configuration list for PBXProject "SwiftUI-Bootcamp" */ = {
			isa = XCConfigurationList;
			buildConfigurations = (
				51FBF0212B52BDE200F6B5FE /* Debug */,
				51FBF0222B52BDE200F6B5FE /* Release */,
			);
			defaultConfigurationIsVisible = 0;
			defaultConfigurationName = Release;
		};
		51FBF0232B52BDE200F6B5FE /* Build configuration list for PBXNativeTarget "SwiftUI-Bootcamp" */ = {
			isa = XCConfigurationList;
			buildConfigurations = (
				51FBF0242B52BDE200F6B5FE /* Debug */,
				51FBF0252B52BDE200F6B5FE /* Release */,
			);
			defaultConfigurationIsVisible = 0;
			defaultConfigurationName = Release;
		};
		51FBF0262B52BDE200F6B5FE /* Build configuration list for PBXNativeTarget "SwiftUI-BootcampTests" */ = {
			isa = XCConfigurationList;
			buildConfigurations = (
				51FBF0272B52BDE200F6B5FE /* Debug */,
				51FBF0282B52BDE200F6B5FE /* Release */,
			);
			defaultConfigurationIsVisible = 0;
			defaultConfigurationName = Release;
		};
		51FBF0292B52BDE200F6B5FE /* Build configuration list for PBXNativeTarget "SwiftUI-BootcampUITests" */ = {
			isa = XCConfigurationList;
			buildConfigurations = (
				51FBF02A2B52BDE200F6B5FE /* Debug */,
				51FBF02B2B52BDE200F6B5FE /* Release */,
			);
			defaultConfigurationIsVisible = 0;
			defaultConfigurationName = Release;
		};
/* End XCConfigurationList section */
	};
	rootObject = 51FBEFF72B52BDDF00F6B5FE /* Project object */;
}
